
Microsoft Visual Studio Solution File, Format Version 12.00
# Visual Studio Version 17
VisualStudioVersion = 17.9.34616.47
MinimumVisualStudioVersion = 10.0.40219.1
Project("{FAE04EC0-301F-11D3-BF4B-00C04F79EFBC}") = "Assignment.WebSite", "Assignment.WebSite\Assignment.WebSite.csproj", "{89DD9071-0DAD-41E1-B43E-5DF6CBCDFF4B}"
EndProject
Global
	GlobalSection(SolutionConfigurationPlatforms) = preSolution
		Debug|Any CPU = Debug|Any CPU
		Release|Any CPU = Release|Any CPU
	EndGlobalSection
	GlobalSection(ProjectConfigurationPlatforms) = postSolution
		{89DD9071-0DAD-41E1-B43E-5DF6CBCDFF4B}.Debug|Any CPU.ActiveCfg = Debug|Any CPU
		{89DD9071-0DAD-41E1-B43E-5DF6CBCDFF4B}.Debug|Any CPU.Build.0 = Debug|Any CPU
		{89DD9071-0DAD-41E1-B43E-5DF6CBCDFF4B}.Release|Any CPU.ActiveCfg = Release|Any CPU
		{89DD9071-0DAD-41E1-B43E-5DF6CBCDFF4B}.Release|Any CPU.Build.0 = Release|Any CPU
	EndGlobalSection
	GlobalSection(SolutionProperties) = preSolution
		HideSolutionNode = FALSE
	EndGlobalSection
	GlobalSection(ExtensibilityGlobals) = postSolution
		SolutionGuid = {1EE2B123-4DB7-4221-AFF3-2E52F4E46DDE}
	EndGlobalSection
EndGlobal
